
Microsoft Visual Studio Solution File, Format Version 12.00
# Visual Studio Version 17
VisualStudioVersion = 17.1.32210.238
MinimumVisualStudioVersion = 10.0.40219.1
Project("{FAE04EC0-301F-11D3-BF4B-00C04F79EFBC}") = "WavSin", "WavSin\WavSin.csproj", "{50BF3A3B-F612-441A-8633-8EF0474CE523}"
EndProject
Global
	GlobalSection(SolutionConfigurationPlatforms) = preSolution
		Debug|Any CPU = Debug|Any CPU
		Release|Any CPU = Release|Any CPU
	EndGlobalSection
	GlobalSection(ProjectConfigurationPlatforms) = postSolution
		{50BF3A3B-F612-441A-8633-8EF0474CE523}.Debug|Any CPU.ActiveCfg = Debug|Any CPU
		{50BF3A3B-F612-441A-8633-8EF0474CE523}.Debug|Any CPU.Build.0 = Debug|Any CPU
		{50BF3A3B-F612-441A-8633-8EF0474CE523}.Release|Any CPU.ActiveCfg = Release|Any CPU
		{50BF3A3B-F612-441A-8633-8EF0474CE523}.Release|Any CPU.Build.0 = Release|Any CPU
	EndGlobalSection
	GlobalSection(SolutionProperties) = preSolution
		HideSolutionNode = FALSE
	EndGlobalSection
	GlobalSection(ExtensibilityGlobals) = postSolution
		SolutionGuid = {0A8BCCEF-847E-4D90-8E94-B0BEFBD4C8C3}
	EndGlobalSection
EndGlobal
